// !$*UTF8*$!
{
	archiveVersion = 1;
	classes = {
	};
	objectVersion = 46;
	objects = {

/* Begin PBXBuildFile section */
		EAA57F33206047E200B22EF6 /* Banking_Application.cpp in Sources */ = {isa = PBXBuildFile; fileRef = EAA57F31206047E200B22EF6 /* Banking_Application.cpp */; };
		EAA57F392060484600B22EF6 /* readint.cpp in Sources */ = {isa = PBXBuildFile; fileRef = EAA57F372060484600B22EF6 /* readint.cpp */; };
/* End PBXBuildFile section */

/* Begin PBXCopyFilesBuildPhase section */
		EAA57F1F206046EA00B22EF6 /* CopyFiles */ = {
			isa = PBXCopyFilesBuildPhase;
			buildActionMask = 2147483647;
			dstPath = /usr/share/man/man1/;
			dstSubfolderSpec = 0;
			files = (
			);
			runOnlyForDeploymentPostprocessing = 1;
		};
/* End PBXCopyFilesBuildPhase section */

/* Begin PBXFileReference section */
		EAA57F21206046EB00B22EF6 /* HW5 */ = {isa = PBXFileReference; explicitFileType = "compiled.mach-o.executable"; includeInIndex = 0; path = HW5; sourceTree = BUILT_PRODUCTS_DIR; };
		EAA57F2C2060475B00B22EF6 /* Account.hpp */ = {isa = PBXFileReference; fileEncoding = 4; lastKnownFileType = sourcecode.cpp.h; path = Account.hpp; sourceTree = "<group>"; };
		EAA57F2F2060478700B22EF6 /* Bank.hpp */ = {isa = PBXFileReference; fileEncoding = 4; lastKnownFileType = sourcecode.cpp.h; path = Bank.hpp; sourceTree = "<group>"; };
		EAA57F31206047E200B22EF6 /* Banking_Application.cpp */ = {isa = PBXFileReference; fileEncoding = 4; lastKnownFileType = sourcecode.cpp.cpp; path = Banking_Application.cpp; sourceTree = "<group>"; };
		EAA57F352060481900B22EF6 /* Customer.hpp */ = {isa = PBXFileReference; fileEncoding = 4; lastKnownFileType = sourcecode.cpp.h; path = Customer.hpp; sourceTree = "<group>"; };
		EAA57F372060484600B22EF6 /* readint.cpp */ = {isa = PBXFileReference; fileEncoding = 4; lastKnownFileType = sourcecode.cpp.cpp; path = readint.cpp; sourceTree = "<group>"; };
		EAA57F382060484600B22EF6 /* readint.hpp */ = {isa = PBXFileReference; fileEncoding = 4; lastKnownFileType = sourcecode.cpp.h; path = readint.hpp; sourceTree = "<group>"; };
		EAA57F3B2060486500B22EF6 /* Transaction.hpp */ = {isa = PBXFileReference; fileEncoding = 4; lastKnownFileType = sourcecode.cpp.h; path = Transaction.hpp; sourceTree = "<group>"; };
/* End PBXFileReference section */

/* Begin PBXFrameworksBuildPhase section */
		EAA57F1E206046EA00B22EF6 /* Frameworks */ = {
			isa = PBXFrameworksBuildPhase;
			buildActionMask = 2147483647;
			files = (
			);
			runOnlyForDeploymentPostprocessing = 0;
		};
/* End PBXFrameworksBuildPhase section */

/* Begin PBXGroup section */
		EAA57F18206046EA00B22EF6 = {
			isa = PBXGroup;
			children = (
				EAA57F23206046EB00B22EF6 /* HW5 */,
				EAA57F22206046EB00B22EF6 /* Products */,
			);
			sourceTree = "<group>";
		};
		EAA57F22206046EB00B22EF6 /* Products */ = {
			isa = PBXGroup;
			children = (
				EAA57F21206046EB00B22EF6 /* HW5 */,
			);
			name = Products;
			sourceTree = "<group>";
		};
		EAA57F23206046EB00B22EF6 /* HW5 */ = {
			isa = PBXGroup;
			children = (
				EAA57F31206047E200B22EF6 /* Banking_Application.cpp */,
				EAA57F2C2060475B00B22EF6 /* Account.hpp */,
				EAA57F2F2060478700B22EF6 /* Bank.hpp */,
				EAA57F352060481900B22EF6 /* Customer.hpp */,
				EAA57F372060484600B22EF6 /* readint.cpp */,
				EAA57F382060484600B22EF6 /* readint.hpp */,
				EAA57F3B2060486500B22EF6 /* Transaction.hpp */,
			);
			path = HW5;
			sourceTree = "<group>";
		};
/* End PBXGroup section */

/* Begin PBXNativeTarget section */
		EAA57F20206046EA00B22EF6 /* HW5 */ = {
			isa = PBXNativeTarget;
			buildConfigurationList = EAA57F28206046EC00B22EF6 /* Build configuration list for PBXNativeTarget "HW5" */;
			buildPhases = (
				EAA57F1D206046EA00B22EF6 /* Sources */,
				EAA57F1E206046EA00B22EF6 /* Frameworks */,
				EAA57F1F206046EA00B22EF6 /* CopyFiles */,
			);
			buildRules = (
			);
			dependencies = (
			);
			name = HW5;
			productName = HW5;
			productReference = EAA57F21206046EB00B22EF6 /* HW5 */;
			productType = "com.apple.product-type.tool";
		};
/* End PBXNativeTarget section */

/* Begin PBXProject section */
		EAA57F19206046EA00B22EF6 /* Project object */ = {
			isa = PBXProject;
			attributes = {
				LastUpgradeCheck = 0820;
				ORGANIZATIONNAME = "Nate Esrey";
				TargetAttributes = {
					EAA57F20206046EA00B22EF6 = {
						CreatedOnToolsVersion = 8.2.1;
						ProvisioningStyle = Automatic;
					};
				};
			};
			buildConfigurationList = EAA57F1C206046EA00B22EF6 /* Build configuration list for PBXProject "HW5" */;
			compatibilityVersion = "Xcode 3.2";
			developmentRegion = English;
			hasScannedForEncodings = 0;
			knownRegions = (
				en,
			);
			mainGroup = EAA57F18206046EA00B22EF6;
			productRefGroup = EAA57F22206046EB00B22EF6 /* Products */;
			projectDirPath = "";
			projectRoot = "";
			targets = (
				EAA57F20206046EA00B22EF6 /* HW5 */,
			);
		};
/* End PBXProject section */

/* Begin PBXSourcesBuildPhase section */
		EAA57F1D206046EA00B22EF6 /* Sources */ = {
			isa = PBXSourcesBuildPhase;
			buildActionMask = 2147483647;
			files = (
				EAA57F392060484600B22EF6 /* readint.cpp in Sources */,
				EAA57F33206047E200B22EF6 /* Banking_Application.cpp in Sources */,
			);
			runOnlyForDeploymentPostprocessing = 0;
		};
/* End PBXSourcesBuildPhase section */

/* Begin XCBuildConfiguration section */
		EAA57F26206046EC00B22EF6 /* Debug */ = {
			isa = XCBuildConfiguration;
			buildSettings = {
				ALWAYS_SEARCH_USER_PATHS = NO;
				CLANG_ANALYZER_NONNULL = YES;
				CLANG_CXX_LANGUAGE_STANDARD = "gnu++0x";
				CLANG_CXX_LIBRARY = "libc++";
				CLANG_ENABLE_MODULES = YES;
				CLANG_ENABLE_OBJC_ARC = YES;
				CLANG_WARN_BOOL_CONVERSION = YES;
				CLANG_WARN_CONSTANT_CONVERSION = YES;
				CLANG_WARN_DIRECT_OBJC_ISA_USAGE = YES_ERROR;
				CLANG_WARN_DOCUMENTATION_COMMENTS = YES;
				CLANG_WARN_EMPTY_BODY = YES;
				CLANG_WARN_ENUM_CONVERSION = YES;
				CLANG_WARN_INFINITE_RECURSION = YES;
				CLANG_WARN_INT_CONVERSION = YES;
				CLANG_WARN_OBJC_ROOT_CLASS = YES_ERROR;
				CLANG_WARN_SUSPICIOUS_MOVE = YES;
				CLANG_WARN_UNREACHABLE_CODE = YES;
				CLANG_WARN__DUPLICATE_METHOD_MATCH = YES;
				CODE_SIGN_IDENTITY = "-";
				COPY_PHASE_STRIP = NO;
				DEBUG_INFORMATION_FORMAT = dwarf;
				ENABLE_STRICT_OBJC_MSGSEND = YES;
				ENABLE_TESTABILITY = YES;
				GCC_C_LANGUAGE_STANDARD = gnu99;
				GCC_DYNAMIC_NO_PIC = NO;
				GCC_NO_COMMON_BLOCKS = YES;
				GCC_OPTIMIZATION_LEVEL = 0;
				GCC_PREPROCESSOR_DEFINITIONS = (
					"DEBUG=1",
					"$(inherited)",
				);
				GCC_WARN_64_TO_32_BIT_CONVERSION = YES;
				GCC_WARN_ABOUT_RETURN_TYPE = YES_ERROR;
				GCC_WARN_UNDECLARED_SELECTOR = YES;
				GCC_WARN_UNINITIALIZED_AUTOS = YES_AGGRESSIVE;
				GCC_WARN_UNUSED_FUNCTION = YES;
				GCC_WARN_UNUSED_VARIABLE = YES;
				MACOSX_DEPLOYMENT_TARGET = 10.11;
				MTL_ENABLE_DEBUG_INFO = YES;
				ONLY_ACTIVE_ARCH = YES;
				SDKROOT = macosx;
			};
			name = Debug;
		};
		EAA57F27206046EC00B22EF6 /* Release */ = {
			isa = XCBuildConfiguration;
			buildSettings = {
				ALWAYS_SEARCH_USER_PATHS = NO;
				CLANG_ANALYZER_NONNULL = YES;
				CLANG_CXX_LANGUAGE_STANDARD = "gnu++0x";
				CLANG_CXX_LIBRARY = "libc++";
				CLANG_ENABLE_MODULES = YES;
				CLANG_ENABLE_OBJC_ARC = YES;
				CLANG_WARN_BOOL_CONVERSION = YES;
				CLANG_WARN_CONSTANT_CONVERSION = YES;
				CLANG_WARN_DIRECT_OBJC_ISA_USAGE = YES_ERROR;
				CLANG_WARN_DOCUMENTATION_COMMENTS = YES;
				CLANG_WARN_EMPTY_BODY = YES;
				CLANG_WARN_ENUM_CONVERSION = YES;
				CLANG_WARN_INFINITE_RECURSION = YES;
				CLANG_WARN_INT_CONVERSION = YES;
				CLANG_WARN_OBJC_ROOT_CLASS = YES_ERROR;
				CLANG_WARN_SUSPICIOUS_MOVE = YES;
				CLANG_WARN_UNREACHABLE_CODE = YES;
				CLANG_WARN__DUPLICATE_METHOD_MATCH = YES;
				CODE_SIGN_IDENTITY = "-";
				COPY_PHASE_STRIP = NO;
				DEBUG_INFORMATION_FORMAT = "dwarf-with-dsym";
				ENABLE_NS_ASSERTIONS = NO;
				ENABLE_STRICT_OBJC_MSGSEND = YES;
				GCC_C_LANGUAGE_STANDARD = gnu99;
				GCC_NO_COMMON_BLOCKS = YES;
				GCC_WARN_64_TO_32_BIT_CONVERSION = YES;
				GCC_WARN_ABOUT_RETURN_TYPE = YES_ERROR;
				GCC_WARN_UNDECLARED_SELECTOR = YES;
				GCC_WARN_UNINITIALIZED_AUTOS = YES_AGGRESSIVE;
				GCC_WARN_UNUSED_FUNCTION = YES;
				GCC_WARN_UNUSED_VARIABLE = YES;
				MACOSX_DEPLOYMENT_TARGET = 10.11;
				MTL_ENABLE_DEBUG_INFO = NO;
				SDKROOT = macosx;
			};
			name = Release;
		};
		EAA57F29206046EC00B22EF6 /* Debug */ = {
			isa = XCBuildConfiguration;
			buildSettings = {
				PRODUCT_NAME = "$(TARGET_NAME)";
			};
			name = Debug;
		};
		EAA57F2A206046EC00B22EF6 /* Release */ = {
			isa = XCBuildConfiguration;
			buildSettings = {
				PRODUCT_NAME = "$(TARGET_NAME)";
			};
			name = Release;
		};
/* End XCBuildConfiguration section */

/* Begin XCConfigurationList section */
		EAA57F1C206046EA00B22EF6 /* Build configuration list for PBXProject "HW5" */ = {
			isa = XCConfigurationList;
			buildConfigurations = (
				EAA57F26206046EC00B22EF6 /* Debug */,
				EAA57F27206046EC00B22EF6 /* Release */,
			);
			defaultConfigurationIsVisible = 0;
			defaultConfigurationName = Release;
		};
		EAA57F28206046EC00B22EF6 /* Build configuration list for PBXNativeTarget "HW5" */ = {
			isa = XCConfigurationList;
			buildConfigurations = (
				EAA57F29206046EC00B22EF6 /* Debug */,
				EAA57F2A206046EC00B22EF6 /* Release */,
			);
			defaultConfigurationIsVisible = 0;
		};
/* End XCConfigurationList section */
	};
	rootObject = EAA57F19206046EA00B22EF6 /* Project object */;
}
